
Microsoft Visual Studio Solution File, Format Version 12.00
# Visual Studio Version 17
VisualStudioVersion = 17.3.32922.545
MinimumVisualStudioVersion = 10.0.40219.1
Project("{FAE04EC0-301F-11D3-BF4B-00C04F79EFBC}") = "TestProject", "TestProject\TestProject.csproj", "{448D334B-A2E3-4FA3-9B0A-CCC19069C40C}"
EndProject
Global
	GlobalSection(SolutionConfigurationPlatforms) = preSolution
		Debug|Any CPU = Debug|Any CPU
		Release|Any CPU = Release|Any CPU
	EndGlobalSection
	GlobalSection(ProjectConfigurationPlatforms) = postSolution
		{448D334B-A2E3-4FA3-9B0A-CCC19069C40C}.Debug|Any CPU.ActiveCfg = Debug|Any CPU
		{448D334B-A2E3-4FA3-9B0A-CCC19069C40C}.Debug|Any CPU.Build.0 = Debug|Any CPU
		{448D334B-A2E3-4FA3-9B0A-CCC19069C40C}.Release|Any CPU.ActiveCfg = Release|Any CPU
		{448D334B-A2E3-4FA3-9B0A-CCC19069C40C}.Release|Any CPU.Build.0 = Release|Any CPU
	EndGlobalSection
	GlobalSection(SolutionProperties) = preSolution
		HideSolutionNode = FALSE
	EndGlobalSection
	GlobalSection(ExtensibilityGlobals) = postSolution
		SolutionGuid = {CAEEF9D8-446A-4ADB-BD53-7EDF5F2323E2}
	EndGlobalSection
EndGlobal
